// !$*UTF8*$!
{
	archiveVersion = 1;
	classes = {
	};
	objectVersion = 48;
	objects = {

/* Begin PBXBuildFile section */
		2048FC5220678439008266B5 /* AppDelegate.m in Sources */ = {isa = PBXBuildFile; fileRef = 2048FC5120678439008266B5 /* AppDelegate.m */; };
		2048FC5520678439008266B5 /* RootViewController.m in Sources */ = {isa = PBXBuildFile; fileRef = 2048FC5420678439008266B5 /* RootViewController.m */; };
		2048FC5820678439008266B5 /* Main.storyboard in Resources */ = {isa = PBXBuildFile; fileRef = 2048FC5620678439008266B5 /* Main.storyboard */; };
		2048FC5A20678439008266B5 /* Assets.xcassets in Resources */ = {isa = PBXBuildFile; fileRef = 2048FC5920678439008266B5 /* Assets.xcassets */; };
		2048FC5D20678439008266B5 /* LaunchScreen.storyboard in Resources */ = {isa = PBXBuildFile; fileRef = 2048FC5B20678439008266B5 /* LaunchScreen.storyboard */; };
		2048FC6020678439008266B5 /* main.m in Sources */ = {isa = PBXBuildFile; fileRef = 2048FC5F20678439008266B5 /* main.m */; };
		2048FC6A20678439008266B5 /* AirsoftLibraryTests.m in Sources */ = {isa = PBXBuildFile; fileRef = 2048FC6920678439008266B5 /* AirsoftLibraryTests.m */; };
		2048FC7B20679C50008266B5 /* GunCollectionViewCell.m in Sources */ = {isa = PBXBuildFile; fileRef = 2048FC7A20679C50008266B5 /* GunCollectionViewCell.m */; };
		2048FC7D2069413D008266B5 /* GunCollectionViewCell.xib in Resources */ = {isa = PBXBuildFile; fileRef = 2048FC7C2069413D008266B5 /* GunCollectionViewCell.xib */; };
		20D9E62B206CE51E00490AFC /* GunItem.m in Sources */ = {isa = PBXBuildFile; fileRef = 20D9E62A206CE51E00490AFC /* GunItem.m */; };
/* End PBXBuildFile section */

/* Begin PBXContainerItemProxy section */
		2048FC6620678439008266B5 /* PBXContainerItemProxy */ = {
			isa = PBXContainerItemProxy;
			containerPortal = 2048FC4520678439008266B5 /* Project object */;
			proxyType = 1;
			remoteGlobalIDString = 2048FC4C20678439008266B5;
			remoteInfo = AirsoftLibrary;
		};
/* End PBXContainerItemProxy section */

/* Begin PBXFileReference section */
		2048FC4D20678439008266B5 /* AirsoftLibrary.app */ = {isa = PBXFileReference; explicitFileType = wrapper.application; includeInIndex = 0; path = AirsoftLibrary.app; sourceTree = BUILT_PRODUCTS_DIR; };
		2048FC5020678439008266B5 /* AppDelegate.h */ = {isa = PBXFileReference; lastKnownFileType = sourcecode.c.h; path = AppDelegate.h; sourceTree = "<group>"; };
		2048FC5120678439008266B5 /* AppDelegate.m */ = {isa = PBXFileReference; lastKnownFileType = sourcecode.c.objc; path = AppDelegate.m; sourceTree = "<group>"; };
		2048FC5320678439008266B5 /* RootViewController.h */ = {isa = PBXFileReference; lastKnownFileType = sourcecode.c.h; path = RootViewController.h; sourceTree = "<group>"; };
		2048FC5420678439008266B5 /* RootViewController.m */ = {isa = PBXFileReference; lastKnownFileType = sourcecode.c.objc; path = RootViewController.m; sourceTree = "<group>"; };
		2048FC5720678439008266B5 /* Base */ = {isa = PBXFileReference; lastKnownFileType = file.storyboard; name = Base; path = Base.lproj/Main.storyboard; sourceTree = "<group>"; };
		2048FC5920678439008266B5 /* Assets.xcassets */ = {isa = PBXFileReference; lastKnownFileType = folder.assetcatalog; path = Assets.xcassets; sourceTree = "<group>"; };
		2048FC5C20678439008266B5 /* Base */ = {isa = PBXFileReference; lastKnownFileType = file.storyboard; name = Base; path = Base.lproj/LaunchScreen.storyboard; sourceTree = "<group>"; };
		2048FC5E20678439008266B5 /* Info.plist */ = {isa = PBXFileReference; lastKnownFileType = text.plist.xml; path = Info.plist; sourceTree = "<group>"; };
		2048FC5F20678439008266B5 /* main.m */ = {isa = PBXFileReference; lastKnownFileType = sourcecode.c.objc; path = main.m; sourceTree = "<group>"; };
		2048FC6520678439008266B5 /* AirsoftLibraryTests.xctest */ = {isa = PBXFileReference; explicitFileType = wrapper.cfbundle; includeInIndex = 0; path = AirsoftLibraryTests.xctest; sourceTree = BUILT_PRODUCTS_DIR; };
		2048FC6920678439008266B5 /* AirsoftLibraryTests.m */ = {isa = PBXFileReference; lastKnownFileType = sourcecode.c.objc; path = AirsoftLibraryTests.m; sourceTree = "<group>"; };
		2048FC6B20678439008266B5 /* Info.plist */ = {isa = PBXFileReference; lastKnownFileType = text.plist.xml; path = Info.plist; sourceTree = "<group>"; };
		2048FC7920679C50008266B5 /* GunCollectionViewCell.h */ = {isa = PBXFileReference; lastKnownFileType = sourcecode.c.h; path = GunCollectionViewCell.h; sourceTree = "<group>"; };
		2048FC7A20679C50008266B5 /* GunCollectionViewCell.m */ = {isa = PBXFileReference; lastKnownFileType = sourcecode.c.objc; path = GunCollectionViewCell.m; sourceTree = "<group>"; };
		2048FC7C2069413D008266B5 /* GunCollectionViewCell.xib */ = {isa = PBXFileReference; lastKnownFileType = file.xib; path = GunCollectionViewCell.xib; sourceTree = "<group>"; };
		20D9E62A206CE51E00490AFC /* GunItem.m */ = {isa = PBXFileReference; lastKnownFileType = sourcecode.c.objc; path = GunItem.m; sourceTree = "<group>"; };
		20D9E62C206CE52600490AFC /* GunItem.h */ = {isa = PBXFileReference; lastKnownFileType = sourcecode.c.h; path = GunItem.h; sourceTree = "<group>"; };
/* End PBXFileReference section */

/* Begin PBXFrameworksBuildPhase section */
		2048FC4A20678439008266B5 /* Frameworks */ = {
			isa = PBXFrameworksBuildPhase;
			buildActionMask = 2147483647;
			files = (
			);
			runOnlyForDeploymentPostprocessing = 0;
		};
		2048FC6220678439008266B5 /* Frameworks */ = {
			isa = PBXFrameworksBuildPhase;
			buildActionMask = 2147483647;
			files = (
			);
			runOnlyForDeploymentPostprocessing = 0;
		};
/* End PBXFrameworksBuildPhase section */

/* Begin PBXGroup section */
		2048FC4420678439008266B5 = {
			isa = PBXGroup;
			children = (
				2048FC4F20678439008266B5 /* AirsoftLibrary */,
				2048FC6820678439008266B5 /* AirsoftLibraryTests */,
				2048FC4E20678439008266B5 /* Products */,
			);
			sourceTree = "<group>";
		};
		2048FC4E20678439008266B5 /* Products */ = {
			isa = PBXGroup;
			children = (
				2048FC4D20678439008266B5 /* AirsoftLibrary.app */,
				2048FC6520678439008266B5 /* AirsoftLibraryTests.xctest */,
			);
			name = Products;
			sourceTree = "<group>";
		};
		2048FC4F20678439008266B5 /* AirsoftLibrary */ = {
			isa = PBXGroup;
			children = (
				2048FC74206784A0008266B5 /* View */,
				2048FC75206784A6008266B5 /* Model */,
				2048FC76206784AC008266B5 /* Controller */,
				2048FC5020678439008266B5 /* AppDelegate.h */,
				2048FC5120678439008266B5 /* AppDelegate.m */,
				2048FC5920678439008266B5 /* Assets.xcassets */,
				2048FC5E20678439008266B5 /* Info.plist */,
				2048FC5B20678439008266B5 /* LaunchScreen.storyboard */,
				2048FC5F20678439008266B5 /* main.m */,
				2048FC5620678439008266B5 /* Main.storyboard */,
			);
			path = AirsoftLibrary;
			sourceTree = "<group>";
		};
		2048FC6820678439008266B5 /* AirsoftLibraryTests */ = {
			isa = PBXGroup;
			children = (
				2048FC6920678439008266B5 /* AirsoftLibraryTests.m */,
				2048FC6B20678439008266B5 /* Info.plist */,
			);
			path = AirsoftLibraryTests;
			sourceTree = "<group>";
		};
		2048FC74206784A0008266B5 /* View */ = {
			isa = PBXGroup;
			children = (
				2048FC7920679C50008266B5 /* GunCollectionViewCell.h */,
				2048FC7A20679C50008266B5 /* GunCollectionViewCell.m */,
				2048FC7C2069413D008266B5 /* GunCollectionViewCell.xib */,
			);
			path = View;
			sourceTree = "<group>";
		};
		2048FC75206784A6008266B5 /* Model */ = {
			isa = PBXGroup;
			children = (
				20D9E62C206CE52600490AFC /* GunItem.h */,
				20D9E62A206CE51E00490AFC /* GunItem.m */,
			);
			path = Model;
			sourceTree = "<group>";
		};
		2048FC76206784AC008266B5 /* Controller */ = {
			isa = PBXGroup;
			children = (
				2048FC5320678439008266B5 /* RootViewController.h */,
				2048FC5420678439008266B5 /* RootViewController.m */,
			);
			path = Controller;
			sourceTree = "<group>";
		};
/* End PBXGroup section */

/* Begin PBXNativeTarget section */
		2048FC4C20678439008266B5 /* AirsoftLibrary */ = {
			isa = PBXNativeTarget;
			buildConfigurationList = 2048FC6E20678439008266B5 /* Build configuration list for PBXNativeTarget "AirsoftLibrary" */;
			buildPhases = (
				2048FC4920678439008266B5 /* Sources */,
				2048FC4A20678439008266B5 /* Frameworks */,
				2048FC4B20678439008266B5 /* Resources */,
			);
			buildRules = (
			);
			dependencies = (
			);
			name = AirsoftLibrary;
			productName = AirsoftLibrary;
			productReference = 2048FC4D20678439008266B5 /* AirsoftLibrary.app */;
			productType = "com.apple.product-type.application";
		};
		2048FC6420678439008266B5 /* AirsoftLibraryTests */ = {
			isa = PBXNativeTarget;
			buildConfigurationList = 2048FC7120678439008266B5 /* Build configuration list for PBXNativeTarget "AirsoftLibraryTests" */;
			buildPhases = (
				2048FC6120678439008266B5 /* Sources */,
				2048FC6220678439008266B5 /* Frameworks */,
				2048FC6320678439008266B5 /* Resources */,
			);
			buildRules = (
			);
			dependencies = (
				2048FC6720678439008266B5 /* PBXTargetDependency */,
			);
			name = AirsoftLibraryTests;
			productName = AirsoftLibraryTests;
			productReference = 2048FC6520678439008266B5 /* AirsoftLibraryTests.xctest */;
			productType = "com.apple.product-type.bundle.unit-test";
		};
/* End PBXNativeTarget section */

/* Begin PBXProject section */
		2048FC4520678439008266B5 /* Project object */ = {
			isa = PBXProject;
			attributes = {
				LastUpgradeCheck = 0920;
				ORGANIZATIONNAME = kh.inc.d;
				TargetAttributes = {
					2048FC4C20678439008266B5 = {
						CreatedOnToolsVersion = 9.2;
						ProvisioningStyle = Automatic;
					};
					2048FC6420678439008266B5 = {
						CreatedOnToolsVersion = 9.2;
						ProvisioningStyle = Automatic;
						TestTargetID = 2048FC4C20678439008266B5;
					};
				};
			};
			buildConfigurationList = 2048FC4820678439008266B5 /* Build configuration list for PBXProject "AirsoftLibrary" */;
			compatibilityVersion = "Xcode 8.0";
			developmentRegion = en;
			hasScannedForEncodings = 0;
			knownRegions = (
				en,
				Base,
			);
			mainGroup = 2048FC4420678439008266B5;
			productRefGroup = 2048FC4E20678439008266B5 /* Products */;
			projectDirPath = "";
			projectRoot = "";
			targets = (
				2048FC4C20678439008266B5 /* AirsoftLibrary */,
				2048FC6420678439008266B5 /* AirsoftLibraryTests */,
			);
		};
/* End PBXProject section */

/* Begin PBXResourcesBuildPhase section */
		2048FC4B20678439008266B5 /* Resources */ = {
			isa = PBXResourcesBuildPhase;
			buildActionMask = 2147483647;
			files = (
				2048FC5D20678439008266B5 /* LaunchScreen.storyboard in Resources */,
				2048FC5A20678439008266B5 /* Assets.xcassets in Resources */,
				2048FC5820678439008266B5 /* Main.storyboard in Resources */,
				2048FC7D2069413D008266B5 /* GunCollectionViewCell.xib in Resources */,
			);
			runOnlyForDeploymentPostprocessing = 0;
		};
		2048FC6320678439008266B5 /* Resources */ = {
			isa = PBXResourcesBuildPhase;
			buildActionMask = 2147483647;
			files = (
			);
			runOnlyForDeploymentPostprocessing = 0;
		};
/* End PBXResourcesBuildPhase section */

/* Begin PBXSourcesBuildPhase section */
		2048FC4920678439008266B5 /* Sources */ = {
			isa = PBXSourcesBuildPhase;
			buildActionMask = 2147483647;
			files = (
				20D9E62B206CE51E00490AFC /* GunItem.m in Sources */,
				2048FC5520678439008266B5 /* RootViewController.m in Sources */,
				2048FC6020678439008266B5 /* main.m in Sources */,
				2048FC5220678439008266B5 /* AppDelegate.m in Sources */,
				2048FC7B20679C50008266B5 /* GunCollectionViewCell.m in Sources */,
			);
			runOnlyForDeploymentPostprocessing = 0;
		};
		2048FC6120678439008266B5 /* Sources */ = {
			isa = PBXSourcesBuildPhase;
			buildActionMask = 2147483647;
			files = (
				2048FC6A20678439008266B5 /* AirsoftLibraryTests.m in Sources */,
			);
			runOnlyForDeploymentPostprocessing = 0;
		};
/* End PBXSourcesBuildPhase section */

/* Begin PBXTargetDependency section */
		2048FC6720678439008266B5 /* PBXTargetDependency */ = {
			isa = PBXTargetDependency;
			target = 2048FC4C20678439008266B5 /* AirsoftLibrary */;
			targetProxy = 2048FC6620678439008266B5 /* PBXContainerItemProxy */;
		};
/* End PBXTargetDependency section */

/* Begin PBXVariantGroup section */
		2048FC5620678439008266B5 /* Main.storyboard */ = {
			isa = PBXVariantGroup;
			children = (
				2048FC5720678439008266B5 /* Base */,
			);
			name = Main.storyboard;
			sourceTree = "<group>";
		};
		2048FC5B20678439008266B5 /* LaunchScreen.storyboard */ = {
			isa = PBXVariantGroup;
			children = (
				2048FC5C20678439008266B5 /* Base */,
			);
			name = LaunchScreen.storyboard;
			sourceTree = "<group>";
		};
/* End PBXVariantGroup section */

/* Begin XCBuildConfiguration section */
		2048FC6C20678439008266B5 /* Debug */ = {
			isa = XCBuildConfiguration;
			buildSettings = {
				ALWAYS_SEARCH_USER_PATHS = NO;
				CLANG_ANALYZER_NONNULL = YES;
				CLANG_ANALYZER_NUMBER_OBJECT_CONVERSION = YES_AGGRESSIVE;
				CLANG_CXX_LANGUAGE_STANDARD = "gnu++14";
				CLANG_CXX_LIBRARY = "libc++";
				CLANG_ENABLE_MODULES = YES;
				CLANG_ENABLE_OBJC_ARC = YES;
				CLANG_WARN_BLOCK_CAPTURE_AUTORELEASING = YES;
				CLANG_WARN_BOOL_CONVERSION = YES;
				CLANG_WARN_COMMA = YES;
				CLANG_WARN_CONSTANT_CONVERSION = YES;
				CLANG_WARN_DIRECT_OBJC_ISA_USAGE = YES_ERROR;
				CLANG_WARN_DOCUMENTATION_COMMENTS = YES;
				CLANG_WARN_EMPTY_BODY = YES;
				CLANG_WARN_ENUM_CONVERSION = YES;
				CLANG_WARN_INFINITE_RECURSION = YES;
				CLANG_WARN_INT_CONVERSION = YES;
				CLANG_WARN_NON_LITERAL_NULL_CONVERSION = YES;
				CLANG_WARN_OBJC_LITERAL_CONVERSION = YES;
				CLANG_WARN_OBJC_ROOT_CLASS = YES_ERROR;
				CLANG_WARN_RANGE_LOOP_ANALYSIS = YES;
				CLANG_WARN_STRICT_PROTOTYPES = YES;
				CLANG_WARN_SUSPICIOUS_MOVE = YES;
				CLANG_WARN_UNGUARDED_AVAILABILITY = YES_AGGRESSIVE;
				CLANG_WARN_UNREACHABLE_CODE = YES;
				CLANG_WARN__DUPLICATE_METHOD_MATCH = YES;
				CODE_SIGN_IDENTITY = "iPhone Developer";
				COPY_PHASE_STRIP = NO;
				DEBUG_INFORMATION_FORMAT = dwarf;
				ENABLE_STRICT_OBJC_MSGSEND = YES;
				ENABLE_TESTABILITY = YES;
				GCC_C_LANGUAGE_STANDARD = gnu11;
				GCC_DYNAMIC_NO_PIC = NO;
				GCC_NO_COMMON_BLOCKS = YES;
				GCC_OPTIMIZATION_LEVEL = 0;
				GCC_PREPROCESSOR_DEFINITIONS = (
					"DEBUG=1",
					"$(inherited)",
				);
				GCC_WARN_64_TO_32_BIT_CONVERSION = YES;
				GCC_WARN_ABOUT_RETURN_TYPE = YES_ERROR;
				GCC_WARN_UNDECLARED_SELECTOR = YES;
				GCC_WARN_UNINITIALIZED_AUTOS = YES_AGGRESSIVE;
				GCC_WARN_UNUSED_FUNCTION = YES;
				GCC_WARN_UNUSED_VARIABLE = YES;
				IPHONEOS_DEPLOYMENT_TARGET = 11.2;
				MTL_ENABLE_DEBUG_INFO = YES;
				ONLY_ACTIVE_ARCH = YES;
				SDKROOT = iphoneos;
			};
			name = Debug;
		};
		2048FC6D20678439008266B5 /* Release */ = {
			isa = XCBuildConfiguration;
			buildSettings = {
				ALWAYS_SEARCH_USER_PATHS = NO;
				CLANG_ANALYZER_NONNULL = YES;
				CLANG_ANALYZER_NUMBER_OBJECT_CONVERSION = YES_AGGRESSIVE;
				CLANG_CXX_LANGUAGE_STANDARD = "gnu++14";
				CLANG_CXX_LIBRARY = "libc++";
				CLANG_ENABLE_MODULES = YES;
				CLANG_ENABLE_OBJC_ARC = YES;
				CLANG_WARN_BLOCK_CAPTURE_AUTORELEASING = YES;
				CLANG_WARN_BOOL_CONVERSION = YES;
				CLANG_WARN_COMMA = YES;
				CLANG_WARN_CONSTANT_CONVERSION = YES;
				CLANG_WARN_DIRECT_OBJC_ISA_USAGE = YES_ERROR;
				CLANG_WARN_DOCUMENTATION_COMMENTS = YES;
				CLANG_WARN_EMPTY_BODY = YES;
				CLANG_WARN_ENUM_CONVERSION = YES;
				CLANG_WARN_INFINITE_RECURSION = YES;
				CLANG_WARN_INT_CONVERSION = YES;
				CLANG_WARN_NON_LITERAL_NULL_CONVERSION = YES;
				CLANG_WARN_OBJC_LITERAL_CONVERSION = YES;
				CLANG_WARN_OBJC_ROOT_CLASS = YES_ERROR;
				CLANG_WARN_RANGE_LOOP_ANALYSIS = YES;
				CLANG_WARN_STRICT_PROTOTYPES = YES;
				CLANG_WARN_SUSPICIOUS_MOVE = YES;
				CLANG_WARN_UNGUARDED_AVAILABILITY = YES_AGGRESSIVE;
				CLANG_WARN_UNREACHABLE_CODE = YES;
				CLANG_WARN__DUPLICATE_METHOD_MATCH = YES;
				CODE_SIGN_IDENTITY = "iPhone Developer";
				COPY_PHASE_STRIP = NO;
				DEBUG_INFORMATION_FORMAT = "dwarf-with-dsym";
				ENABLE_NS_ASSERTIONS = NO;
				ENABLE_STRICT_OBJC_MSGSEND = YES;
				GCC_C_LANGUAGE_STANDARD = gnu11;
				GCC_NO_COMMON_BLOCKS = YES;
				GCC_WARN_64_TO_32_BIT_CONVERSION = YES;
				GCC_WARN_ABOUT_RETURN_TYPE = YES_ERROR;
				GCC_WARN_UNDECLARED_SELECTOR = YES;
				GCC_WARN_UNINITIALIZED_AUTOS = YES_AGGRESSIVE;
				GCC_WARN_UNUSED_FUNCTION = YES;
				GCC_WARN_UNUSED_VARIABLE = YES;
				IPHONEOS_DEPLOYMENT_TARGET = 11.2;
				MTL_ENABLE_DEBUG_INFO = NO;
				SDKROOT = iphoneos;
				VALIDATE_PRODUCT = YES;
			};
			name = Release;
		};
		2048FC6F20678439008266B5 /* Debug */ = {
			isa = XCBuildConfiguration;
			buildSettings = {
				ASSETCATALOG_COMPILER_APPICON_NAME = AppIcon;
				CODE_SIGN_STYLE = Automatic;
				DEVELOPMENT_TEAM = QC7RJ22359;
				INFOPLIST_FILE = AirsoftLibrary/Info.plist;
				LD_RUNPATH_SEARCH_PATHS = "$(inherited) @executable_path/Frameworks";
				PRODUCT_BUNDLE_IDENTIFIER = id.AirsoftLibrary;
				PRODUCT_NAME = "$(TARGET_NAME)";
				TARGETED_DEVICE_FAMILY = "1,2";
			};
			name = Debug;
		};
		2048FC7020678439008266B5 /* Release */ = {
			isa = XCBuildConfiguration;
			buildSettings = {
				ASSETCATALOG_COMPILER_APPICON_NAME = AppIcon;
				CODE_SIGN_STYLE = Automatic;
				DEVELOPMENT_TEAM = QC7RJ22359;
				INFOPLIST_FILE = AirsoftLibrary/Info.plist;
				LD_RUNPATH_SEARCH_PATHS = "$(inherited) @executable_path/Frameworks";
				PRODUCT_BUNDLE_IDENTIFIER = id.AirsoftLibrary;
				PRODUCT_NAME = "$(TARGET_NAME)";
				TARGETED_DEVICE_FAMILY = "1,2";
			};
			name = Release;
		};
		2048FC7220678439008266B5 /* Debug */ = {
			isa = XCBuildConfiguration;
			buildSettings = {
				BUNDLE_LOADER = "$(TEST_HOST)";
				CODE_SIGN_STYLE = Automatic;
				DEVELOPMENT_TEAM = QC7RJ22359;
				INFOPLIST_FILE = AirsoftLibraryTests/Info.plist;
				LD_RUNPATH_SEARCH_PATHS = "$(inherited) @executable_path/Frameworks @loader_path/Frameworks";
				PRODUCT_BUNDLE_IDENTIFIER = id.AirsoftLibraryTests;
				PRODUCT_NAME = "$(TARGET_NAME)";
				TARGETED_DEVICE_FAMILY = "1,2";
				TEST_HOST = "$(BUILT_PRODUCTS_DIR)/AirsoftLibrary.app/AirsoftLibrary";
			};
			name = Debug;
		};
		2048FC7320678439008266B5 /* Release */ = {
			isa = XCBuildConfiguration;
			buildSettings = {
				BUNDLE_LOADER = "$(TEST_HOST)";
				CODE_SIGN_STYLE = Automatic;
				DEVELOPMENT_TEAM = QC7RJ22359;
				INFOPLIST_FILE = AirsoftLibraryTests/Info.plist;
				LD_RUNPATH_SEARCH_PATHS = "$(inherited) @executable_path/Frameworks @loader_path/Frameworks";
				PRODUCT_BUNDLE_IDENTIFIER = id.AirsoftLibraryTests;
				PRODUCT_NAME = "$(TARGET_NAME)";
				TARGETED_DEVICE_FAMILY = "1,2";
				TEST_HOST = "$(BUILT_PRODUCTS_DIR)/AirsoftLibrary.app/AirsoftLibrary";
			};
			name = Release;
		};
/* End XCBuildConfiguration section */

/* Begin XCConfigurationList section */
		2048FC4820678439008266B5 /* Build configuration list for PBXProject "AirsoftLibrary" */ = {
			isa = XCConfigurationList;
			buildConfigurations = (
				2048FC6C20678439008266B5 /* Debug */,
				2048FC6D20678439008266B5 /* Release */,
			);
			defaultConfigurationIsVisible = 0;
			defaultConfigurationName = Release;
		};
		2048FC6E20678439008266B5 /* Build configuration list for PBXNativeTarget "AirsoftLibrary" */ = {
			isa = XCConfigurationList;
			buildConfigurations = (
				2048FC6F20678439008266B5 /* Debug */,
				2048FC7020678439008266B5 /* Release */,
			);
			defaultConfigurationIsVisible = 0;
			defaultConfigurationName = Release;
		};
		2048FC7120678439008266B5 /* Build configuration list for PBXNativeTarget "AirsoftLibraryTests" */ = {
			isa = XCConfigurationList;
			buildConfigurations = (
				2048FC7220678439008266B5 /* Debug */,
				2048FC7320678439008266B5 /* Release */,
			);
			defaultConfigurationIsVisible = 0;
			defaultConfigurationName = Release;
		};
/* End XCConfigurationList section */
	};
	rootObject = 2048FC4520678439008266B5 /* Project object */;
}
